// !$*UTF8*$!
{
	archiveVersion = 1;
	classes = {
	};
	objectVersion = 56;
	objects = {

/* Begin PBXBuildFile section */
		5E093BEA29E5C0810046F679 /* MockJSONDecoder.swift in Sources */ = {isa = PBXBuildFile; fileRef = 5E093BE929E5C0810046F679 /* MockJSONDecoder.swift */; };
		5E093BEC29E5C12F0046F679 /* MockJSONEncoder.swift in Sources */ = {isa = PBXBuildFile; fileRef = 5E093BEB29E5C12F0046F679 /* MockJSONEncoder.swift */; };
		5E093BF529E5C5630046F679 /* DiskStorageWrapperTest.swift in Sources */ = {isa = PBXBuildFile; fileRef = 5E093BF429E5C5630046F679 /* DiskStorageWrapperTest.swift */; };
		5E1FD70629DA99B50015AE6F /* KeychainAccessTest.swift in Sources */ = {isa = PBXBuildFile; fileRef = 5E1FD70529DA99B50015AE6F /* KeychainAccessTest.swift */; };
		5E1FD70929DA9A4F0015AE6F /* MockUICKeyChainStore.swift in Sources */ = {isa = PBXBuildFile; fileRef = 5E1FD70829DA9A4F0015AE6F /* MockUICKeyChainStore.swift */; };
		5E1FD70B29DA9F440015AE6F /* UserStoreTest.swift in Sources */ = {isa = PBXBuildFile; fileRef = 5E1FD70A29DA9F440015AE6F /* UserStoreTest.swift */; };
		5E1FD70D29DA9F660015AE6F /* MockKeychainAccess.swift in Sources */ = {isa = PBXBuildFile; fileRef = 5E1FD70C29DA9F660015AE6F /* MockKeychainAccess.swift */; };
		5E1FD70F29DAA1E40015AE6F /* ProgressStoreTest.swift in Sources */ = {isa = PBXBuildFile; fileRef = 5E1FD70E29DAA1E40015AE6F /* ProgressStoreTest.swift */; };
		5E1FD71129DAA2970015AE6F /* MockDiskStorageWrapper.swift in Sources */ = {isa = PBXBuildFile; fileRef = 5E1FD71029DAA2970015AE6F /* MockDiskStorageWrapper.swift */; };
		5E1FD71329DAA3450015AE6F /* DiskStorageWrapper.swift in Sources */ = {isa = PBXBuildFile; fileRef = 5E1FD71229DAA3450015AE6F /* DiskStorageWrapper.swift */; };
		5E1FD71529DAADA80015AE6F /* AppSettingsTest.swift in Sources */ = {isa = PBXBuildFile; fileRef = 5E1FD71429DAADA80015AE6F /* AppSettingsTest.swift */; };
		5E4CE91F29D90F330029110E /* FloatplaneApp_DataStores.docc in Sources */ = {isa = PBXBuildFile; fileRef = 5E4CE91E29D90F330029110E /* FloatplaneApp_DataStores.docc */; };
		5E4CE92529D90F330029110E /* FloatplaneApp_DataStores.framework in Frameworks */ = {isa = PBXBuildFile; fileRef = 5E4CE91A29D90F330029110E /* FloatplaneApp_DataStores.framework */; };
		5E4CE94629D90F570029110E /* AppSettings.swift in Sources */ = {isa = PBXBuildFile; fileRef = 5E4CE93D29D90F560029110E /* AppSettings.swift */; };
		5E4CE94729D90F800029110E /* KeychainAccess.swift in Sources */ = {isa = PBXBuildFile; fileRef = 5E4CE94229D90F560029110E /* KeychainAccess.swift */; };
		5E4CE94829D90F820029110E /* UserStore.swift in Sources */ = {isa = PBXBuildFile; fileRef = 5E4CE94029D90F560029110E /* UserStore.swift */; };
		5E4CE94A29D90F880029110E /* ProgressStore.swift in Sources */ = {isa = PBXBuildFile; fileRef = 5E4CE93E29D90F560029110E /* ProgressStore.swift */; };
		5E4CE94D29D90FAB0029110E /* UICKeyChainStore in Frameworks */ = {isa = PBXBuildFile; productRef = 5E4CE94C29D90FAB0029110E /* UICKeyChainStore */; };
		5E4CE95829D90FE00029110E /* Cache in Frameworks */ = {isa = PBXBuildFile; productRef = 5E4CE95729D90FE00029110E /* Cache */; };
		5E51553429EE706A009B68EA /* FloatplaneApp-Utilities in Frameworks */ = {isa = PBXBuildFile; productRef = 5E51553329EE706A009B68EA /* FloatplaneApp-Utilities */; };
		5E81C70E29EE498C009BB58B /* FloatplaneApp-Models in Frameworks */ = {isa = PBXBuildFile; productRef = 5E81C70D29EE498C009BB58B /* FloatplaneApp-Models */; };
/* End PBXBuildFile section */

/* Begin PBXContainerItemProxy section */
		5E4CE92629D90F330029110E /* PBXContainerItemProxy */ = {
			isa = PBXContainerItemProxy;
			containerPortal = 5E4CE91129D90F330029110E /* Project object */;
			proxyType = 1;
			remoteGlobalIDString = 5E4CE91929D90F330029110E;
			remoteInfo = "FloatplaneApp-DataStores";
		};
/* End PBXContainerItemProxy section */

/* Begin PBXFileReference section */
		5E093BE929E5C0810046F679 /* MockJSONDecoder.swift */ = {isa = PBXFileReference; lastKnownFileType = sourcecode.swift; path = MockJSONDecoder.swift; sourceTree = "<group>"; };
		5E093BEB29E5C12F0046F679 /* MockJSONEncoder.swift */ = {isa = PBXFileReference; lastKnownFileType = sourcecode.swift; path = MockJSONEncoder.swift; sourceTree = "<group>"; };
		5E093BF429E5C5630046F679 /* DiskStorageWrapperTest.swift */ = {isa = PBXFileReference; lastKnownFileType = sourcecode.swift; path = DiskStorageWrapperTest.swift; sourceTree = "<group>"; };
		5E1FD70529DA99B50015AE6F /* KeychainAccessTest.swift */ = {isa = PBXFileReference; lastKnownFileType = sourcecode.swift; path = KeychainAccessTest.swift; sourceTree = "<group>"; };
		5E1FD70829DA9A4F0015AE6F /* MockUICKeyChainStore.swift */ = {isa = PBXFileReference; lastKnownFileType = sourcecode.swift; path = MockUICKeyChainStore.swift; sourceTree = "<group>"; };
		5E1FD70A29DA9F440015AE6F /* UserStoreTest.swift */ = {isa = PBXFileReference; lastKnownFileType = sourcecode.swift; path = UserStoreTest.swift; sourceTree = "<group>"; };
		5E1FD70C29DA9F660015AE6F /* MockKeychainAccess.swift */ = {isa = PBXFileReference; lastKnownFileType = sourcecode.swift; path = MockKeychainAccess.swift; sourceTree = "<group>"; };
		5E1FD70E29DAA1E40015AE6F /* ProgressStoreTest.swift */ = {isa = PBXFileReference; lastKnownFileType = sourcecode.swift; path = ProgressStoreTest.swift; sourceTree = "<group>"; };
		5E1FD71029DAA2970015AE6F /* MockDiskStorageWrapper.swift */ = {isa = PBXFileReference; lastKnownFileType = sourcecode.swift; path = MockDiskStorageWrapper.swift; sourceTree = "<group>"; };
		5E1FD71229DAA3450015AE6F /* DiskStorageWrapper.swift */ = {isa = PBXFileReference; lastKnownFileType = sourcecode.swift; path = DiskStorageWrapper.swift; sourceTree = "<group>"; };
		5E1FD71429DAADA80015AE6F /* AppSettingsTest.swift */ = {isa = PBXFileReference; lastKnownFileType = sourcecode.swift; path = AppSettingsTest.swift; sourceTree = "<group>"; };
		5E4CE91A29D90F330029110E /* FloatplaneApp_DataStores.framework */ = {isa = PBXFileReference; explicitFileType = wrapper.framework; includeInIndex = 0; path = FloatplaneApp_DataStores.framework; sourceTree = BUILT_PRODUCTS_DIR; };
		5E4CE91E29D90F330029110E /* FloatplaneApp_DataStores.docc */ = {isa = PBXFileReference; lastKnownFileType = folder.documentationcatalog; path = FloatplaneApp_DataStores.docc; sourceTree = "<group>"; };
		5E4CE92429D90F330029110E /* FloatplaneApp-DataStoresTests.xctest */ = {isa = PBXFileReference; explicitFileType = wrapper.cfbundle; includeInIndex = 0; path = "FloatplaneApp-DataStoresTests.xctest"; sourceTree = BUILT_PRODUCTS_DIR; };
		5E4CE93D29D90F560029110E /* AppSettings.swift */ = {isa = PBXFileReference; lastKnownFileType = sourcecode.swift; path = AppSettings.swift; sourceTree = "<group>"; };
		5E4CE93E29D90F560029110E /* ProgressStore.swift */ = {isa = PBXFileReference; lastKnownFileType = sourcecode.swift; path = ProgressStore.swift; sourceTree = "<group>"; };
		5E4CE94029D90F560029110E /* UserStore.swift */ = {isa = PBXFileReference; lastKnownFileType = sourcecode.swift; path = UserStore.swift; sourceTree = "<group>"; };
		5E4CE94229D90F560029110E /* KeychainAccess.swift */ = {isa = PBXFileReference; lastKnownFileType = sourcecode.swift; path = KeychainAccess.swift; sourceTree = "<group>"; };
		5E4CE94F29D90FBD0029110E /* FloatplaneApp_Utilities.framework */ = {isa = PBXFileReference; explicitFileType = wrapper.framework; path = FloatplaneApp_Utilities.framework; sourceTree = BUILT_PRODUCTS_DIR; };
		5E4CE95329D90FC30029110E /* FloatplaneApp_Models.framework */ = {isa = PBXFileReference; explicitFileType = wrapper.framework; path = FloatplaneApp_Models.framework; sourceTree = BUILT_PRODUCTS_DIR; };
/* End PBXFileReference section */

/* Begin PBXFrameworksBuildPhase section */
		5E4CE91729D90F330029110E /* Frameworks */ = {
			isa = PBXFrameworksBuildPhase;
			buildActionMask = 2147483647;
			files = (
				5E81C70E29EE498C009BB58B /* FloatplaneApp-Models in Frameworks */,
				5E4CE94D29D90FAB0029110E /* UICKeyChainStore in Frameworks */,
				5E4CE95829D90FE00029110E /* Cache in Frameworks */,
				5E51553429EE706A009B68EA /* FloatplaneApp-Utilities in Frameworks */,
			);
			runOnlyForDeploymentPostprocessing = 0;
		};
		5E4CE92129D90F330029110E /* Frameworks */ = {
			isa = PBXFrameworksBuildPhase;
			buildActionMask = 2147483647;
			files = (
				5E4CE92529D90F330029110E /* FloatplaneApp_DataStores.framework in Frameworks */,
			);
			runOnlyForDeploymentPostprocessing = 0;
		};
/* End PBXFrameworksBuildPhase section */

/* Begin PBXGroup section */
		5E1FD70729DA9A420015AE6F /* Mocks */ = {
			isa = PBXGroup;
			children = (
				5E1FD70829DA9A4F0015AE6F /* MockUICKeyChainStore.swift */,
				5E1FD70C29DA9F660015AE6F /* MockKeychainAccess.swift */,
				5E1FD71029DAA2970015AE6F /* MockDiskStorageWrapper.swift */,
				5E093BE929E5C0810046F679 /* MockJSONDecoder.swift */,
				5E093BEB29E5C12F0046F679 /* MockJSONEncoder.swift */,
			);
			path = Mocks;
			sourceTree = "<group>";
		};
		5E4CE91029D90F330029110E = {
			isa = PBXGroup;
			children = (
				5E4CE91C29D90F330029110E /* FloatplaneApp-DataStores */,
				5E4CE92829D90F330029110E /* FloatplaneApp-DataStoresTests */,
				5E4CE91B29D90F330029110E /* Products */,
				5E4CE94E29D90FBD0029110E /* Frameworks */,
			);
			sourceTree = "<group>";
		};
		5E4CE91B29D90F330029110E /* Products */ = {
			isa = PBXGroup;
			children = (
				5E4CE91A29D90F330029110E /* FloatplaneApp_DataStores.framework */,
				5E4CE92429D90F330029110E /* FloatplaneApp-DataStoresTests.xctest */,
			);
			name = Products;
			sourceTree = "<group>";
		};
		5E4CE91C29D90F330029110E /* FloatplaneApp-DataStores */ = {
			isa = PBXGroup;
			children = (
				5E4CE94229D90F560029110E /* KeychainAccess.swift */,
				5E4CE94029D90F560029110E /* UserStore.swift */,
				5E4CE93E29D90F560029110E /* ProgressStore.swift */,
				5E4CE93D29D90F560029110E /* AppSettings.swift */,
				5E1FD71229DAA3450015AE6F /* DiskStorageWrapper.swift */,
				5E4CE91E29D90F330029110E /* FloatplaneApp_DataStores.docc */,
			);
			path = "FloatplaneApp-DataStores";
			sourceTree = "<group>";
		};
		5E4CE92829D90F330029110E /* FloatplaneApp-DataStoresTests */ = {
			isa = PBXGroup;
			children = (
				5E1FD70729DA9A420015AE6F /* Mocks */,
				5E1FD70529DA99B50015AE6F /* KeychainAccessTest.swift */,
				5E1FD70A29DA9F440015AE6F /* UserStoreTest.swift */,
				5E1FD70E29DAA1E40015AE6F /* ProgressStoreTest.swift */,
				5E1FD71429DAADA80015AE6F /* AppSettingsTest.swift */,
				5E093BF429E5C5630046F679 /* DiskStorageWrapperTest.swift */,
			);
			path = "FloatplaneApp-DataStoresTests";
			sourceTree = "<group>";
		};
		5E4CE94E29D90FBD0029110E /* Frameworks */ = {
			isa = PBXGroup;
			children = (
				5E4CE95329D90FC30029110E /* FloatplaneApp_Models.framework */,
				5E4CE94F29D90FBD0029110E /* FloatplaneApp_Utilities.framework */,
			);
			name = Frameworks;
			sourceTree = "<group>";
		};
/* End PBXGroup section */

/* Begin PBXHeadersBuildPhase section */
		5E4CE91529D90F330029110E /* Headers */ = {
			isa = PBXHeadersBuildPhase;
			buildActionMask = 2147483647;
			files = (
			);
			runOnlyForDeploymentPostprocessing = 0;
		};
/* End PBXHeadersBuildPhase section */

/* Begin PBXNativeTarget section */
		5E4CE91929D90F330029110E /* FloatplaneApp-DataStores */ = {
			isa = PBXNativeTarget;
			buildConfigurationList = 5E4CE92E29D90F330029110E /* Build configuration list for PBXNativeTarget "FloatplaneApp-DataStores" */;
			buildPhases = (
				5E4CE91529D90F330029110E /* Headers */,
				5E4CE91629D90F330029110E /* Sources */,
				5E4CE91729D90F330029110E /* Frameworks */,
				5E4CE91829D90F330029110E /* Resources */,
			);
			buildRules = (
			);
			dependencies = (
			);
			name = "FloatplaneApp-DataStores";
			packageProductDependencies = (
				5E4CE94C29D90FAB0029110E /* UICKeyChainStore */,
				5E4CE95729D90FE00029110E /* Cache */,
				5E81C70D29EE498C009BB58B /* FloatplaneApp-Models */,
				5E51553329EE706A009B68EA /* FloatplaneApp-Utilities */,
			);
			productName = "FloatplaneApp-DataStores";
			productReference = 5E4CE91A29D90F330029110E /* FloatplaneApp_DataStores.framework */;
			productType = "com.apple.product-type.framework";
		};
		5E4CE92329D90F330029110E /* FloatplaneApp-DataStoresTests */ = {
			isa = PBXNativeTarget;
			buildConfigurationList = 5E4CE93129D90F330029110E /* Build configuration list for PBXNativeTarget "FloatplaneApp-DataStoresTests" */;
			buildPhases = (
				5E4CE92029D90F330029110E /* Sources */,
				5E4CE92129D90F330029110E /* Frameworks */,
				5E4CE92229D90F330029110E /* Resources */,
			);
			buildRules = (
			);
			dependencies = (
				5E4CE92729D90F330029110E /* PBXTargetDependency */,
			);
			name = "FloatplaneApp-DataStoresTests";
			productName = "FloatplaneApp-DataStoresTests";
			productReference = 5E4CE92429D90F330029110E /* FloatplaneApp-DataStoresTests.xctest */;
			productType = "com.apple.product-type.bundle.unit-test";
		};
/* End PBXNativeTarget section */

/* Begin PBXProject section */
		5E4CE91129D90F330029110E /* Project object */ = {
			isa = PBXProject;
			attributes = {
				BuildIndependentTargetsInParallel = 1;
				LastSwiftUpdateCheck = 1420;
				LastUpgradeCheck = 1430;
				TargetAttributes = {
					5E4CE91929D90F330029110E = {
						CreatedOnToolsVersion = 14.2;
					};
					5E4CE92329D90F330029110E = {
						CreatedOnToolsVersion = 14.2;
						LastSwiftMigration = 1420;
					};
				};
			};
			buildConfigurationList = 5E4CE91429D90F330029110E /* Build configuration list for PBXProject "FloatplaneApp-DataStores" */;
			compatibilityVersion = "Xcode 14.0";
			developmentRegion = en;
			hasScannedForEncodings = 0;
			knownRegions = (
				en,
				Base,
			);
			mainGroup = 5E4CE91029D90F330029110E;
			packageReferences = (
				5E4CE94B29D90FAB0029110E /* XCRemoteSwiftPackageReference "UICKeyChainStore" */,
				5E4CE95629D90FE00029110E /* XCRemoteSwiftPackageReference "Cache" */,
				5E81C70C29EE498C009BB58B /* XCRemoteSwiftPackageReference "FloatplaneApp-Models" */,
				5E51553229EE706A009B68EA /* XCRemoteSwiftPackageReference "FloatplaneApp-Utilities" */,
			);
			productRefGroup = 5E4CE91B29D90F330029110E /* Products */;
			projectDirPath = "";
			projectRoot = "";
			targets = (
				5E4CE91929D90F330029110E /* FloatplaneApp-DataStores */,
				5E4CE92329D90F330029110E /* FloatplaneApp-DataStoresTests */,
			);
		};
/* End PBXProject section */

/* Begin PBXResourcesBuildPhase section */
		5E4CE91829D90F330029110E /* Resources */ = {
			isa = PBXResourcesBuildPhase;
			buildActionMask = 2147483647;
			files = (
			);
			runOnlyForDeploymentPostprocessing = 0;
		};
		5E4CE92229D90F330029110E /* Resources */ = {
			isa = PBXResourcesBuildPhase;
			buildActionMask = 2147483647;
			files = (
			);
			runOnlyForDeploymentPostprocessing = 0;
		};
/* End PBXResourcesBuildPhase section */

/* Begin PBXSourcesBuildPhase section */
		5E4CE91629D90F330029110E /* Sources */ = {
			isa = PBXSourcesBuildPhase;
			buildActionMask = 2147483647;
			files = (
				5E4CE91F29D90F330029110E /* FloatplaneApp_DataStores.docc in Sources */,
				5E4CE94729D90F800029110E /* KeychainAccess.swift in Sources */,
				5E4CE94829D90F820029110E /* UserStore.swift in Sources */,
				5E4CE94629D90F570029110E /* AppSettings.swift in Sources */,
				5E1FD71329DAA3450015AE6F /* DiskStorageWrapper.swift in Sources */,
				5E4CE94A29D90F880029110E /* ProgressStore.swift in Sources */,
			);
			runOnlyForDeploymentPostprocessing = 0;
		};
		5E4CE92029D90F330029110E /* Sources */ = {
			isa = PBXSourcesBuildPhase;
			buildActionMask = 2147483647;
			files = (
				5E093BF529E5C5630046F679 /* DiskStorageWrapperTest.swift in Sources */,
				5E1FD70F29DAA1E40015AE6F /* ProgressStoreTest.swift in Sources */,
				5E1FD71529DAADA80015AE6F /* AppSettingsTest.swift in Sources */,
				5E093BEA29E5C0810046F679 /* MockJSONDecoder.swift in Sources */,
				5E1FD70629DA99B50015AE6F /* KeychainAccessTest.swift in Sources */,
				5E1FD70B29DA9F440015AE6F /* UserStoreTest.swift in Sources */,
				5E1FD71129DAA2970015AE6F /* MockDiskStorageWrapper.swift in Sources */,
				5E1FD70929DA9A4F0015AE6F /* MockUICKeyChainStore.swift in Sources */,
				5E1FD70D29DA9F660015AE6F /* MockKeychainAccess.swift in Sources */,
				5E093BEC29E5C12F0046F679 /* MockJSONEncoder.swift in Sources */,
			);
			runOnlyForDeploymentPostprocessing = 0;
		};
/* End PBXSourcesBuildPhase section */

/* Begin PBXTargetDependency section */
		5E4CE92729D90F330029110E /* PBXTargetDependency */ = {
			isa = PBXTargetDependency;
			target = 5E4CE91929D90F330029110E /* FloatplaneApp-DataStores */;
			targetProxy = 5E4CE92629D90F330029110E /* PBXContainerItemProxy */;
		};
/* End PBXTargetDependency section */

/* Begin XCBuildConfiguration section */
		5E4CE92C29D90F330029110E /* Debug */ = {
			isa = XCBuildConfiguration;
			buildSettings = {
				ALWAYS_SEARCH_USER_PATHS = NO;
				CLANG_ANALYZER_NONNULL = YES;
				CLANG_ANALYZER_NUMBER_OBJECT_CONVERSION = YES_AGGRESSIVE;
				CLANG_CXX_LANGUAGE_STANDARD = "gnu++20";
				CLANG_ENABLE_MODULES = YES;
				CLANG_ENABLE_OBJC_ARC = YES;
				CLANG_ENABLE_OBJC_WEAK = YES;
				CLANG_WARN_BLOCK_CAPTURE_AUTORELEASING = YES;
				CLANG_WARN_BOOL_CONVERSION = YES;
				CLANG_WARN_COMMA = YES;
				CLANG_WARN_CONSTANT_CONVERSION = YES;
				CLANG_WARN_DEPRECATED_OBJC_IMPLEMENTATIONS = YES;
				CLANG_WARN_DIRECT_OBJC_ISA_USAGE = YES_ERROR;
				CLANG_WARN_DOCUMENTATION_COMMENTS = YES;
				CLANG_WARN_EMPTY_BODY = YES;
				CLANG_WARN_ENUM_CONVERSION = YES;
				CLANG_WARN_INFINITE_RECURSION = YES;
				CLANG_WARN_INT_CONVERSION = YES;
				CLANG_WARN_NON_LITERAL_NULL_CONVERSION = YES;
				CLANG_WARN_OBJC_IMPLICIT_RETAIN_SELF = YES;
				CLANG_WARN_OBJC_LITERAL_CONVERSION = YES;
				CLANG_WARN_OBJC_ROOT_CLASS = YES_ERROR;
				CLANG_WARN_QUOTED_INCLUDE_IN_FRAMEWORK_HEADER = YES;
				CLANG_WARN_RANGE_LOOP_ANALYSIS = YES;
				CLANG_WARN_STRICT_PROTOTYPES = YES;
				CLANG_WARN_SUSPICIOUS_MOVE = YES;
				CLANG_WARN_UNGUARDED_AVAILABILITY = YES_AGGRESSIVE;
				CLANG_WARN_UNREACHABLE_CODE = YES;
				CLANG_WARN__DUPLICATE_METHOD_MATCH = YES;
				COPY_PHASE_STRIP = NO;
				CURRENT_PROJECT_VERSION = 1;
				DEAD_CODE_STRIPPING = YES;
				DEBUG_INFORMATION_FORMAT = dwarf;
				ENABLE_STRICT_OBJC_MSGSEND = YES;
				ENABLE_TESTABILITY = YES;
				GCC_C_LANGUAGE_STANDARD = gnu11;
				GCC_DYNAMIC_NO_PIC = NO;
				GCC_NO_COMMON_BLOCKS = YES;
				GCC_OPTIMIZATION_LEVEL = 0;
				GCC_PREPROCESSOR_DEFINITIONS = (
					"DEBUG=1",
					"$(inherited)",
				);
				GCC_WARN_64_TO_32_BIT_CONVERSION = YES;
				GCC_WARN_ABOUT_RETURN_TYPE = YES_ERROR;
				GCC_WARN_UNDECLARED_SELECTOR = YES;
				GCC_WARN_UNINITIALIZED_AUTOS = YES_AGGRESSIVE;
				GCC_WARN_UNUSED_FUNCTION = YES;
				GCC_WARN_UNUSED_VARIABLE = YES;
				MTL_ENABLE_DEBUG_INFO = INCLUDE_SOURCE;
				MTL_FAST_MATH = YES;
				ONLY_ACTIVE_ARCH = YES;
				SWIFT_ACTIVE_COMPILATION_CONDITIONS = DEBUG;
				SWIFT_OPTIMIZATION_LEVEL = "-Onone";
				TVOS_DEPLOYMENT_TARGET = 16.0;
				VERSIONING_SYSTEM = "apple-generic";
				VERSION_INFO_PREFIX = "";
			};
			name = Debug;
		};
		5E4CE92D29D90F330029110E /* Release */ = {
			isa = XCBuildConfiguration;
			buildSettings = {
				ALWAYS_SEARCH_USER_PATHS = NO;
				CLANG_ANALYZER_NONNULL = YES;
				CLANG_ANALYZER_NUMBER_OBJECT_CONVERSION = YES_AGGRESSIVE;
				CLANG_CXX_LANGUAGE_STANDARD = "gnu++20";
				CLANG_ENABLE_MODULES = YES;
				CLANG_ENABLE_OBJC_ARC = YES;
				CLANG_ENABLE_OBJC_WEAK = YES;
				CLANG_WARN_BLOCK_CAPTURE_AUTORELEASING = YES;
				CLANG_WARN_BOOL_CONVERSION = YES;
				CLANG_WARN_COMMA = YES;
				CLANG_WARN_CONSTANT_CONVERSION = YES;
				CLANG_WARN_DEPRECATED_OBJC_IMPLEMENTATIONS = YES;
				CLANG_WARN_DIRECT_OBJC_ISA_USAGE = YES_ERROR;
				CLANG_WARN_DOCUMENTATION_COMMENTS = YES;
				CLANG_WARN_EMPTY_BODY = YES;
				CLANG_WARN_ENUM_CONVERSION = YES;
				CLANG_WARN_INFINITE_RECURSION = YES;
				CLANG_WARN_INT_CONVERSION = YES;
				CLANG_WARN_NON_LITERAL_NULL_CONVERSION = YES;
				CLANG_WARN_OBJC_IMPLICIT_RETAIN_SELF = YES;
				CLANG_WARN_OBJC_LITERAL_CONVERSION = YES;
				CLANG_WARN_OBJC_ROOT_CLASS = YES_ERROR;
				CLANG_WARN_QUOTED_INCLUDE_IN_FRAMEWORK_HEADER = YES;
				CLANG_WARN_RANGE_LOOP_ANALYSIS = YES;
				CLANG_WARN_STRICT_PROTOTYPES = YES;
				CLANG_WARN_SUSPICIOUS_MOVE = YES;
				CLANG_WARN_UNGUARDED_AVAILABILITY = YES_AGGRESSIVE;
				CLANG_WARN_UNREACHABLE_CODE = YES;
				CLANG_WARN__DUPLICATE_METHOD_MATCH = YES;
				COPY_PHASE_STRIP = NO;
				CURRENT_PROJECT_VERSION = 1;
				DEAD_CODE_STRIPPING = YES;
				DEBUG_INFORMATION_FORMAT = "dwarf-with-dsym";
				ENABLE_NS_ASSERTIONS = NO;
				ENABLE_STRICT_OBJC_MSGSEND = YES;
				GCC_C_LANGUAGE_STANDARD = gnu11;
				GCC_NO_COMMON_BLOCKS = YES;
				GCC_WARN_64_TO_32_BIT_CONVERSION = YES;
				GCC_WARN_ABOUT_RETURN_TYPE = YES_ERROR;
				GCC_WARN_UNDECLARED_SELECTOR = YES;
				GCC_WARN_UNINITIALIZED_AUTOS = YES_AGGRESSIVE;
				GCC_WARN_UNUSED_FUNCTION = YES;
				GCC_WARN_UNUSED_VARIABLE = YES;
				MTL_ENABLE_DEBUG_INFO = NO;
				MTL_FAST_MATH = YES;
				SWIFT_COMPILATION_MODE = wholemodule;
				SWIFT_OPTIMIZATION_LEVEL = "-O";
				TVOS_DEPLOYMENT_TARGET = 16.0;
				VERSIONING_SYSTEM = "apple-generic";
				VERSION_INFO_PREFIX = "";
			};
			name = Release;
		};
		5E4CE92F29D90F330029110E /* Debug */ = {
			isa = XCBuildConfiguration;
			buildSettings = {
				CODE_SIGN_STYLE = Automatic;
				CURRENT_PROJECT_VERSION = 1;
				DEAD_CODE_STRIPPING = YES;
				DEFINES_MODULE = YES;
				DOCC_EXTRACT_OBJC_INFO_FOR_SWIFT_SYMBOLS = YES;
				DYLIB_COMPATIBILITY_VERSION = 1;
				DYLIB_CURRENT_VERSION = 1;
				DYLIB_INSTALL_NAME_BASE = "@rpath";
				ENABLE_MODULE_VERIFIER = YES;
				GENERATE_INFOPLIST_FILE = YES;
				INFOPLIST_KEY_NSHumanReadableCopyright = "";
				INSTALL_PATH = "$(LOCAL_LIBRARY_DIR)/Frameworks";
				IPHONEOS_DEPLOYMENT_TARGET = 16.2;
				LD_RUNPATH_SEARCH_PATHS = (
					"@executable_path/Frameworks",
					"@loader_path/Frameworks",
				);
				"LD_RUNPATH_SEARCH_PATHS[sdk=macosx*]" = (
					"@executable_path/../Frameworks",
					"@loader_path/Frameworks",
				);
				MACOSX_DEPLOYMENT_TARGET = 13.1;
				MARKETING_VERSION = 1.0;
				MODULE_VERIFIER_SUPPORTED_LANGUAGES = "objective-c objective-c++";
				MODULE_VERIFIER_SUPPORTED_LANGUAGE_STANDARDS = "gnu11 gnu++20";
				PRODUCT_BUNDLE_IDENTIFIER = "org.georgie.FloatplaneApp-DataStores";
				PRODUCT_NAME = "$(TARGET_NAME:c99extidentifier)";
				SDKROOT = auto;
				SKIP_INSTALL = YES;
				SUPPORTED_PLATFORMS = "appletvos appletvsimulator iphoneos iphonesimulator macosx";
				SUPPORTS_MACCATALYST = NO;
				SUPPORTS_MAC_DESIGNED_FOR_IPHONE_IPAD = NO;
				SWIFT_EMIT_LOC_STRINGS = YES;
				SWIFT_VERSION = 5.0;
				TARGETED_DEVICE_FAMILY = "1,2,3";
				TVOS_DEPLOYMENT_TARGET = 16.0;
			};
			name = Debug;
		};
		5E4CE93029D90F330029110E /* Release */ = {
			isa = XCBuildConfiguration;
			buildSettings = {
				CODE_SIGN_STYLE = Automatic;
				CURRENT_PROJECT_VERSION = 1;
				DEAD_CODE_STRIPPING = YES;
				DEFINES_MODULE = YES;
				DOCC_EXTRACT_OBJC_INFO_FOR_SWIFT_SYMBOLS = YES;
				DYLIB_COMPATIBILITY_VERSION = 1;
				DYLIB_CURRENT_VERSION = 1;
				DYLIB_INSTALL_NAME_BASE = "@rpath";
				ENABLE_MODULE_VERIFIER = YES;
				GENERATE_INFOPLIST_FILE = YES;
				INFOPLIST_KEY_NSHumanReadableCopyright = "";
				INSTALL_PATH = "$(LOCAL_LIBRARY_DIR)/Frameworks";
				IPHONEOS_DEPLOYMENT_TARGET = 16.2;
				LD_RUNPATH_SEARCH_PATHS = (
					"@executable_path/Frameworks",
					"@loader_path/Frameworks",
				);
				"LD_RUNPATH_SEARCH_PATHS[sdk=macosx*]" = (
					"@executable_path/../Frameworks",
					"@loader_path/Frameworks",
				);
				MACOSX_DEPLOYMENT_TARGET = 13.1;
				MARKETING_VERSION = 1.0;
				MODULE_VERIFIER_SUPPORTED_LANGUAGES = "objective-c objective-c++";
				MODULE_VERIFIER_SUPPORTED_LANGUAGE_STANDARDS = "gnu11 gnu++20";
				PRODUCT_BUNDLE_IDENTIFIER = "org.georgie.FloatplaneApp-DataStores";
				PRODUCT_NAME = "$(TARGET_NAME:c99extidentifier)";
				SDKROOT = auto;
				SKIP_INSTALL = YES;
				SUPPORTED_PLATFORMS = "appletvos appletvsimulator iphoneos iphonesimulator macosx";
				SUPPORTS_MACCATALYST = NO;
				SUPPORTS_MAC_DESIGNED_FOR_IPHONE_IPAD = NO;
				SWIFT_EMIT_LOC_STRINGS = YES;
				SWIFT_VERSION = 5.0;
				TARGETED_DEVICE_FAMILY = "1,2,3";
				TVOS_DEPLOYMENT_TARGET = 16.0;
			};
			name = Release;
		};
		5E4CE93229D90F330029110E /* Debug */ = {
			isa = XCBuildConfiguration;
			buildSettings = {
				ALWAYS_EMBED_SWIFT_STANDARD_LIBRARIES = YES;
				CLANG_ENABLE_MODULES = YES;
				"CODE_SIGN_IDENTITY[sdk=macosx*]" = "-";
				CODE_SIGN_STYLE = Automatic;
				CURRENT_PROJECT_VERSION = 1;
				DEAD_CODE_STRIPPING = YES;
				DEVELOPMENT_TEAM = "";
				GENERATE_INFOPLIST_FILE = YES;
				IPHONEOS_DEPLOYMENT_TARGET = 16.2;
				LD_RUNPATH_SEARCH_PATHS = (
					"$(inherited)",
					"@executable_path/Frameworks",
					"@loader_path/Frameworks",
				);
				MACOSX_DEPLOYMENT_TARGET = 13.1;
				MARKETING_VERSION = 1.0;
				PRODUCT_BUNDLE_IDENTIFIER = "org.georgie.FloatplaneApp-DataStoresTests";
				PRODUCT_NAME = "$(TARGET_NAME)";
				SDKROOT = auto;
				SUPPORTED_PLATFORMS = "appletvos appletvsimulator iphoneos iphonesimulator macosx";
				SUPPORTS_MACCATALYST = NO;
				SUPPORTS_MAC_DESIGNED_FOR_IPHONE_IPAD = NO;
				SWIFT_EMIT_LOC_STRINGS = NO;
				SWIFT_OPTIMIZATION_LEVEL = "-Onone";
				SWIFT_VERSION = 5.0;
				TARGETED_DEVICE_FAMILY = "1,2,3";
				TVOS_DEPLOYMENT_TARGET = 16.0;
			};
			name = Debug;
		};
		5E4CE93329D90F330029110E /* Release */ = {
			isa = XCBuildConfiguration;
			buildSettings = {
				ALWAYS_EMBED_SWIFT_STANDARD_LIBRARIES = YES;
				CLANG_ENABLE_MODULES = YES;
				"CODE_SIGN_IDENTITY[sdk=macosx*]" = "-";
				CODE_SIGN_STYLE = Automatic;
				CURRENT_PROJECT_VERSION = 1;
				DEAD_CODE_STRIPPING = YES;
				DEVELOPMENT_TEAM = "";
				GENERATE_INFOPLIST_FILE = YES;
				IPHONEOS_DEPLOYMENT_TARGET = 16.2;
				LD_RUNPATH_SEARCH_PATHS = (
					"$(inherited)",
					"@executable_path/Frameworks",
					"@loader_path/Frameworks",
				);
				MACOSX_DEPLOYMENT_TARGET = 13.1;
				MARKETING_VERSION = 1.0;
				PRODUCT_BUNDLE_IDENTIFIER = "org.georgie.FloatplaneApp-DataStoresTests";
				PRODUCT_NAME = "$(TARGET_NAME)";
				SDKROOT = auto;
				SUPPORTED_PLATFORMS = "appletvos appletvsimulator iphoneos iphonesimulator macosx";
				SUPPORTS_MACCATALYST = NO;
				SUPPORTS_MAC_DESIGNED_FOR_IPHONE_IPAD = NO;
				SWIFT_EMIT_LOC_STRINGS = NO;
				SWIFT_VERSION = 5.0;
				TARGETED_DEVICE_FAMILY = "1,2,3";
				TVOS_DEPLOYMENT_TARGET = 16.0;
			};
			name = Release;
		};
/* End XCBuildConfiguration section */

/* Begin XCConfigurationList section */
		5E4CE91429D90F330029110E /* Build configuration list for PBXProject "FloatplaneApp-DataStores" */ = {
			isa = XCConfigurationList;
			buildConfigurations = (
				5E4CE92C29D90F330029110E /* Debug */,
				5E4CE92D29D90F330029110E /* Release */,
			);
			defaultConfigurationIsVisible = 0;
			defaultConfigurationName = Release;
		};
		5E4CE92E29D90F330029110E /* Build configuration list for PBXNativeTarget "FloatplaneApp-DataStores" */ = {
			isa = XCConfigurationList;
			buildConfigurations = (
				5E4CE92F29D90F330029110E /* Debug */,
				5E4CE93029D90F330029110E /* Release */,
			);
			defaultConfigurationIsVisible = 0;
			defaultConfigurationName = Release;
		};
		5E4CE93129D90F330029110E /* Build configuration list for PBXNativeTarget "FloatplaneApp-DataStoresTests" */ = {
			isa = XCConfigurationList;
			buildConfigurations = (
				5E4CE93229D90F330029110E /* Debug */,
				5E4CE93329D90F330029110E /* Release */,
			);
			defaultConfigurationIsVisible = 0;
			defaultConfigurationName = Release;
		};
/* End XCConfigurationList section */

/* Begin XCRemoteSwiftPackageReference section */
		5E4CE94B29D90FAB0029110E /* XCRemoteSwiftPackageReference "UICKeyChainStore" */ = {
			isa = XCRemoteSwiftPackageReference;
			repositoryURL = "https://github.com/kishikawakatsumi/UICKeyChainStore.git";
			requirement = {
				branch = master;
				kind = branch;
			};
		};
		5E4CE95629D90FE00029110E /* XCRemoteSwiftPackageReference "Cache" */ = {
			isa = XCRemoteSwiftPackageReference;
			repositoryURL = "https://github.com/hyperoslo/Cache.git";
			requirement = {
				kind = upToNextMajorVersion;
				minimumVersion = 6.0.0;
			};
		};
		5E51553229EE706A009B68EA /* XCRemoteSwiftPackageReference "FloatplaneApp-Utilities" */ = {
			isa = XCRemoteSwiftPackageReference;
			repositoryURL = "https://github.com/curiousurick/FloatplaneApp-Utilities.git";
			requirement = {
				branch = main;
				kind = branch;
			};
		};
		5E81C70C29EE498C009BB58B /* XCRemoteSwiftPackageReference "FloatplaneApp-Models" */ = {
			isa = XCRemoteSwiftPackageReference;
			repositoryURL = "https://github.com/curiousurick/FloatplaneApp-Models.git";
			requirement = {
				branch = main;
				kind = branch;
			};
		};
/* End XCRemoteSwiftPackageReference section */

/* Begin XCSwiftPackageProductDependency section */
		5E4CE94C29D90FAB0029110E /* UICKeyChainStore */ = {
			isa = XCSwiftPackageProductDependency;
			package = 5E4CE94B29D90FAB0029110E /* XCRemoteSwiftPackageReference "UICKeyChainStore" */;
			productName = UICKeyChainStore;
		};
		5E4CE95729D90FE00029110E /* Cache */ = {
			isa = XCSwiftPackageProductDependency;
			package = 5E4CE95629D90FE00029110E /* XCRemoteSwiftPackageReference "Cache" */;
			productName = Cache;
		};
		5E51553329EE706A009B68EA /* FloatplaneApp-Utilities */ = {
			isa = XCSwiftPackageProductDependency;
			package = 5E51553229EE706A009B68EA /* XCRemoteSwiftPackageReference "FloatplaneApp-Utilities" */;
			productName = "FloatplaneApp-Utilities";
		};
		5E81C70D29EE498C009BB58B /* FloatplaneApp-Models */ = {
			isa = XCSwiftPackageProductDependency;
			package = 5E81C70C29EE498C009BB58B /* XCRemoteSwiftPackageReference "FloatplaneApp-Models" */;
			productName = "FloatplaneApp-Models";
		};
/* End XCSwiftPackageProductDependency section */
	};
	rootObject = 5E4CE91129D90F330029110E /* Project object */;
}
