{
  "originHash" : "539a521b0e93a6f4bc582d5365dad1653a044eacf6233e0dc7c997b86f43b2ac",
  "pins" : [
    {
      "identity" : "cache",
      "kind" : "remoteSourceControl",
      "location" : "https://github.com/hyperoslo/Cache.git",
      "state" : {
        "revision" : "ad6abdf2a3a866288a7dad2c4e13379406002a81",
        "version" : "6.2.0"
      }
    },
    {
      "identity" : "kenmore-models",
      "kind" : "remoteSourceControl",
      "location" : "git@github.com:curiousurick/Kenmore-Models.git",
      "state" : {
        "branch" : "main",
        "revision" : "76bf6fabd45909dd4d96a248d611fcc768616856"
      }
    },
    {
      "identity" : "kenmore-utilities",
      "kind" : "remoteSourceControl",
      "location" : "git@github.com:curiousurick/Kenmore-Utilities.git",
      "state" : {
        "branch" : "main",
        "revision" : "b67cabc33015655c9615e3b89868c3d9d9060c87"
      }
    },
    {
      "identity" : "swift-log",
      "kind" : "remoteSourceControl",
      "location" : "https://github.com/apple/swift-log.git",
      "state" : {
        "revision" : "9cb486020ebf03bfa5b5df985387a14a98744537",
        "version" : "1.6.1"
      }
    },
    {
      "identity" : "uickeychainstore",
      "kind" : "remoteSourceControl",
      "location" : "https://github.com/kishikawakatsumi/UICKeyChainStore.git",
      "state" : {
        "branch" : "master",
        "revision" : "db869212bc69b6198a62efe03e2f5fc8e19c6b65"
      }
    }
  ],
  "version" : 3
}
